
Microsoft Visual Studio Solution File, Format Version 12.00
# Visual Studio Version 16
VisualStudioVersion = 16.0.31729.503
MinimumVisualStudioVersion = 10.0.40219.1
Project("{9A19103F-16F7-4668-BE54-9A1E7A4F7556}") = "ZD4", "ZD3_4\ZD4.csproj", "{1E50A1C8-7E6B-41F1-952C-5E3696E2606D}"
EndProject
Project("{FAE04EC0-301F-11D3-BF4B-00C04F79EFBC}") = "ZD3", "ZD3\ZD3.csproj", "{A41BD3DB-67ED-4114-AE2B-9C7467E49946}"
EndProject
Global
	GlobalSection(SolutionConfigurationPlatforms) = preSolution
		Debug|Any CPU = Debug|Any CPU
		Release|Any CPU = Release|Any CPU
	EndGlobalSection
	GlobalSection(ProjectConfigurationPlatforms) = postSolution
		{1E50A1C8-7E6B-41F1-952C-5E3696E2606D}.Debug|Any CPU.ActiveCfg = Debug|Any CPU
		{1E50A1C8-7E6B-41F1-952C-5E3696E2606D}.Debug|Any CPU.Build.0 = Debug|Any CPU
		{1E50A1C8-7E6B-41F1-952C-5E3696E2606D}.Release|Any CPU.ActiveCfg = Release|Any CPU
		{1E50A1C8-7E6B-41F1-952C-5E3696E2606D}.Release|Any CPU.Build.0 = Release|Any CPU
		{A41BD3DB-67ED-4114-AE2B-9C7467E49946}.Debug|Any CPU.ActiveCfg = Debug|Any CPU
		{A41BD3DB-67ED-4114-AE2B-9C7467E49946}.Debug|Any CPU.Build.0 = Debug|Any CPU
		{A41BD3DB-67ED-4114-AE2B-9C7467E49946}.Release|Any CPU.ActiveCfg = Release|Any CPU
		{A41BD3DB-67ED-4114-AE2B-9C7467E49946}.Release|Any CPU.Build.0 = Release|Any CPU
	EndGlobalSection
	GlobalSection(SolutionProperties) = preSolution
		HideSolutionNode = FALSE
	EndGlobalSection
	GlobalSection(ExtensibilityGlobals) = postSolution
		SolutionGuid = {7F57B154-F7A8-4B54-887F-C4BE95579937}
	EndGlobalSection
EndGlobal
